
Microsoft Visual Studio Solution File, Format Version 12.00
# Visual Studio 2012
Project("{8BC9CEB8-8B4A-11D0-8D11-00A0C91BC942}") = "Baconer", "Baconer\Baconer.vcxproj", "{E0578ACA-02F7-4A0F-870D-D0F17FB9995A}"
EndProject
Global
	GlobalSection(SolutionConfigurationPlatforms) = preSolution
		Debug|Win32 = Debug|Win32
		Release|Win32 = Release|Win32
	EndGlobalSection
	GlobalSection(ProjectConfigurationPlatforms) = postSolution
		{E0578ACA-02F7-4A0F-870D-D0F17FB9995A}.Debug|Win32.ActiveCfg = Debug|Win32
		{E0578ACA-02F7-4A0F-870D-D0F17FB9995A}.Debug|Win32.Build.0 = Debug|Win32
		{E0578ACA-02F7-4A0F-870D-D0F17FB9995A}.Release|Win32.ActiveCfg = Release|Win32
		{E0578ACA-02F7-4A0F-870D-D0F17FB9995A}.Release|Win32.Build.0 = Release|Win32
	EndGlobalSection
	GlobalSection(SolutionProperties) = preSolution
		HideSolutionNode = FALSE
	EndGlobalSection
EndGlobal
