
Microsoft Visual Studio Solution File, Format Version 12.00
# Visual Studio 2012
Project("{8BC9CEB8-8B4A-11D0-8D11-00A0C91BC942}") = "HamPost", "HamPost\HamPost.vcxproj", "{05FDC9C5-4E6E-4A2C-BB33-94EF93B48517}"
EndProject
Global
	GlobalSection(SolutionConfigurationPlatforms) = preSolution
		Debug|Win32 = Debug|Win32
		Release|Win32 = Release|Win32
	EndGlobalSection
	GlobalSection(ProjectConfigurationPlatforms) = postSolution
		{05FDC9C5-4E6E-4A2C-BB33-94EF93B48517}.Debug|Win32.ActiveCfg = Debug|Win32
		{05FDC9C5-4E6E-4A2C-BB33-94EF93B48517}.Debug|Win32.Build.0 = Debug|Win32
		{05FDC9C5-4E6E-4A2C-BB33-94EF93B48517}.Release|Win32.ActiveCfg = Release|Win32
		{05FDC9C5-4E6E-4A2C-BB33-94EF93B48517}.Release|Win32.Build.0 = Release|Win32
	EndGlobalSection
	GlobalSection(SolutionProperties) = preSolution
		HideSolutionNode = FALSE
	EndGlobalSection
EndGlobal
